
Microsoft Visual Studio Solution File, Format Version 12.00
# Visual Studio Version 17
VisualStudioVersion = 17.13.35931.197 d17.13
MinimumVisualStudioVersion = 10.0.40219.1
Project("{54A90642-561A-4BB1-A94E-469ADEE60C69}") = "nodezero", "NodeZero\nodezero.esproj", "{6A877B50-9AD9-8FC9-6187-ACC86E0ED441}"
EndProject
Global
	GlobalSection(SolutionConfigurationPlatforms) = preSolution
		Debug|Any CPU = Debug|Any CPU
		Release|Any CPU = Release|Any CPU
	EndGlobalSection
	GlobalSection(ProjectConfigurationPlatforms) = postSolution
		{6A877B50-9AD9-8FC9-6187-ACC86E0ED441}.Debug|Any CPU.ActiveCfg = Debug|Any CPU
		{6A877B50-9AD9-8FC9-6187-ACC86E0ED441}.Debug|Any CPU.Build.0 = Debug|Any CPU
		{6A877B50-9AD9-8FC9-6187-ACC86E0ED441}.Debug|Any CPU.Deploy.0 = Debug|Any CPU
		{6A877B50-9AD9-8FC9-6187-ACC86E0ED441}.Release|Any CPU.ActiveCfg = Release|Any CPU
		{6A877B50-9AD9-8FC9-6187-ACC86E0ED441}.Release|Any CPU.Build.0 = Release|Any CPU
		{6A877B50-9AD9-8FC9-6187-ACC86E0ED441}.Release|Any CPU.Deploy.0 = Release|Any CPU
	EndGlobalSection
	GlobalSection(SolutionProperties) = preSolution
		HideSolutionNode = FALSE
	EndGlobalSection
	GlobalSection(ExtensibilityGlobals) = postSolution
		SolutionGuid = {04ED20D6-52F6-41E7-A1EE-E47D2DB32BF7}
	EndGlobalSection
EndGlobal
